# This file was autogenerated by Stack.
# You should not edit this file by hand.
# For more information, please see the documentation at:
#   https://docs.haskellstack.org/en/stable/lock_files

packages:
- completed:
    hackage: Blammo-1.1.1.0@sha256:60d5fce5abe561b27389da1df6a17fefef36e91e956790f10626b5cf1a19cde3,4008
    pantry-tree:
      sha256: 9dabb8c19abb6d1c60c5ebbfbf8960cc45b4db609d0559c06a8cd94cb513272b
      size: 1415
  original:
    hackage: Blammo-1.1.1.0
- completed:
    hackage: cfn-flip-0.1.0.3@sha256:8737882d818d74b29d3b1791a4df4dc89995870312374989c47c29352ea503ec,5615
    pantry-tree:
      sha256: 715102dfcca7053390eda5be0504485fb93b8b84226fe373a6e62d297090d49b
      size: 3139
  original:
    hackage: cfn-flip-0.1.0.3
- completed:
    hackage: monad-logger-aeson-0.4.0.2@sha256:0a1189f53fdfa57e88735d0d65b943983010203fcd3f122ea552042dfb2d2501,6215
    pantry-tree:
      sha256: 3955f99746fcb73d120b4bd486a110eec0bad975c00cc5ca29b3ba259c12a4b9
      size: 7096
  original:
    hackage: monad-logger-aeson-0.4.0.2
- completed:
    hackage: context-0.2.0.1@sha256:b5a1390a5ad11b7edd0449c9ef96823f082bff4988bd09583e37a4e93e9aad10,1891
    pantry-tree:
      sha256: ebb043dd007864588c6b1676a0d30e521deab4353a3f19716f6f6f7d52b62817
      size: 952
  original:
    hackage: context-0.2.0.1
- completed:
    name: amazonka
    pantry-tree:
      sha256: 0257a27c3332e400abc0f4a38f7a875c4a2a04b03ac342d7481e19d9d5665040
      size: 1257
    sha256: 14aeaa9f748f7ac03683e8a8126760ed16aa82152404a96c0333b582444cd381
    size: 27775608
    subdir: lib/amazonka
    url: https://github.com/brendanhay/amazonka/archive/f73a957d05f64863e867cf39d0db260718f0fadd.tar.gz
    version: '2.0'
  original:
    subdir: lib/amazonka
    url: https://github.com/brendanhay/amazonka/archive/f73a957d05f64863e867cf39d0db260718f0fadd.tar.gz
- completed:
    name: amazonka-core
    pantry-tree:
      sha256: 2eadbad33f65f20781409c4de9faee04e7e4baa92906db696b78689f53de0a83
      size: 3117
    sha256: 14aeaa9f748f7ac03683e8a8126760ed16aa82152404a96c0333b582444cd381
    size: 27775608
    subdir: lib/amazonka-core
    url: https://github.com/brendanhay/amazonka/archive/f73a957d05f64863e867cf39d0db260718f0fadd.tar.gz
    version: '2.0'
  original:
    subdir: lib/amazonka-core
    url: https://github.com/brendanhay/amazonka/archive/f73a957d05f64863e867cf39d0db260718f0fadd.tar.gz
- completed:
    name: amazonka-certificatemanager
    pantry-tree:
      sha256: 86c39ebac8e40030c05048385c1153deb124193e49bb2651c38bd1232bbd3fff
      size: 7063
    sha256: 14aeaa9f748f7ac03683e8a8126760ed16aa82152404a96c0333b582444cd381
    size: 27775608
    subdir: lib/services/amazonka-certificatemanager
    url: https://github.com/brendanhay/amazonka/archive/f73a957d05f64863e867cf39d0db260718f0fadd.tar.gz
    version: '2.0'
  original:
    subdir: lib/services/amazonka-certificatemanager
    url: https://github.com/brendanhay/amazonka/archive/f73a957d05f64863e867cf39d0db260718f0fadd.tar.gz
- completed:
    name: amazonka-cloudformation
    pantry-tree:
      sha256: a9f557fdf3f3d5f960a28921465609e338ce702e1ecdf6e559e01efdccb364a6
      size: 25784
    sha256: 14aeaa9f748f7ac03683e8a8126760ed16aa82152404a96c0333b582444cd381
    size: 27775608
    subdir: lib/services/amazonka-cloudformation
    url: https://github.com/brendanhay/amazonka/archive/f73a957d05f64863e867cf39d0db260718f0fadd.tar.gz
    version: '2.0'
  original:
    subdir: lib/services/amazonka-cloudformation
    url: https://github.com/brendanhay/amazonka/archive/f73a957d05f64863e867cf39d0db260718f0fadd.tar.gz
- completed:
    name: amazonka-ec2
    pantry-tree:
      sha256: 29c4666aa6cd81a371cdef208199f45a99d9fdef31f3ff9450c1762a64dd60d0
      size: 190150
    sha256: 14aeaa9f748f7ac03683e8a8126760ed16aa82152404a96c0333b582444cd381
    size: 27775608
    subdir: lib/services/amazonka-ec2
    url: https://github.com/brendanhay/amazonka/archive/f73a957d05f64863e867cf39d0db260718f0fadd.tar.gz
    version: '2.0'
  original:
    subdir: lib/services/amazonka-ec2
    url: https://github.com/brendanhay/amazonka/archive/f73a957d05f64863e867cf39d0db260718f0fadd.tar.gz
- completed:
    name: amazonka-ecr
    pantry-tree:
      sha256: 8c8b2a242ac973b0205916de20d8066cf3820acd47d98d6ec6df9182f6b31966
      size: 12161
    sha256: 14aeaa9f748f7ac03683e8a8126760ed16aa82152404a96c0333b582444cd381
    size: 27775608
    subdir: lib/services/amazonka-ecr
    url: https://github.com/brendanhay/amazonka/archive/f73a957d05f64863e867cf39d0db260718f0fadd.tar.gz
    version: '2.0'
  original:
    subdir: lib/services/amazonka-ecr
    url: https://github.com/brendanhay/amazonka/archive/f73a957d05f64863e867cf39d0db260718f0fadd.tar.gz
- completed:
    name: amazonka-lambda
    pantry-tree:
      sha256: 7e6feb0f8af0a9f6ce20db04d69a0e7b92838f27d17f65f0cd1a3c87b6a6331e
      size: 19117
    sha256: 14aeaa9f748f7ac03683e8a8126760ed16aa82152404a96c0333b582444cd381
    size: 27775608
    subdir: lib/services/amazonka-lambda
    url: https://github.com/brendanhay/amazonka/archive/f73a957d05f64863e867cf39d0db260718f0fadd.tar.gz
    version: '2.0'
  original:
    subdir: lib/services/amazonka-lambda
    url: https://github.com/brendanhay/amazonka/archive/f73a957d05f64863e867cf39d0db260718f0fadd.tar.gz
- completed:
    name: amazonka-sso
    pantry-tree:
      sha256: f11babeeaf0481ae68134ced86e9d1d9396d1beb7bd70e0a1e6b77bc4148a192
      size: 1869
    sha256: 14aeaa9f748f7ac03683e8a8126760ed16aa82152404a96c0333b582444cd381
    size: 27775608
    subdir: lib/services/amazonka-sso
    url: https://github.com/brendanhay/amazonka/archive/f73a957d05f64863e867cf39d0db260718f0fadd.tar.gz
    version: '2.0'
  original:
    subdir: lib/services/amazonka-sso
    url: https://github.com/brendanhay/amazonka/archive/f73a957d05f64863e867cf39d0db260718f0fadd.tar.gz
- completed:
    name: amazonka-sts
    pantry-tree:
      sha256: 64ed22eaaea868b32cf56f162d1bd7332b048d8f2ea073c4e9827ed08e71cc70
      size: 2932
    sha256: 14aeaa9f748f7ac03683e8a8126760ed16aa82152404a96c0333b582444cd381
    size: 27775608
    subdir: lib/services/amazonka-sts
    url: https://github.com/brendanhay/amazonka/archive/f73a957d05f64863e867cf39d0db260718f0fadd.tar.gz
    version: '2.0'
  original:
    subdir: lib/services/amazonka-sts
    url: https://github.com/brendanhay/amazonka/archive/f73a957d05f64863e867cf39d0db260718f0fadd.tar.gz
snapshots:
- completed:
    sha256: e5f56f619132209b826084cacd6374d7f0344cc88a9d1d305878190e4204ae1f
    size: 619205
    url: https://raw.githubusercontent.com/commercialhaskell/stackage-snapshots/master/lts/19/31.yaml
  original: lts-19.31
