# This file was autogenerated by Stack.
# You should not edit this file by hand.
# For more information, please see the documentation at:
#   https://docs.haskellstack.org/en/stable/lock_files

packages:
- completed:
    hackage: Blammo-1.1.2.1@sha256:b74d553fb3557bb10381b806bd34b8bad0b800883f02dfd1cc847f58db40958c,4084
    pantry-tree:
      sha256: bd28931f07beaaae8565a87d8c3b55d3e9ff5c332ae93dc32c1090a4c814e620
      size: 1567
  original:
    hackage: Blammo-1.1.2.1
- completed:
    hackage: cfn-flip-0.1.0.3@sha256:8737882d818d74b29d3b1791a4df4dc89995870312374989c47c29352ea503ec,5615
    pantry-tree:
      sha256: 715102dfcca7053390eda5be0504485fb93b8b84226fe373a6e62d297090d49b
      size: 3139
  original:
    hackage: cfn-flip-0.1.0.3
- completed:
    hackage: unliftio-0.2.25.0@sha256:d015242554890370bcbc3a575019be691d0edc279736ef97d29412fb9d0c4349,3410
    pantry-tree:
      sha256: 08c62f256e740e1a78b175907c26cb06439a1b486ceb8021c5a2e4425ebb6c5b
      size: 2494
  original:
    hackage: unliftio-0.2.25.0
- completed:
    hackage: amazonka-2.0@sha256:3481da2fda6b210d15d41c1db7a588adf68123cfb7ea3882797a6230003259db,3505
    pantry-tree:
      sha256: 01c7121bd5e4a3918a71ea6502412292c97facf20c9620f07af96e423d6437e2
      size: 1528
  original:
    hackage: amazonka-2.0
- completed:
    hackage: amazonka-core-2.0@sha256:d9f0533c272ac92bd7b18699077038b6b51b3552e91b65743af4ce646286b4f8,4383
    pantry-tree:
      sha256: 46e7e4de910b08ee2df98db9cda2becf388ce49510024018289a46c43e175ee0
      size: 3222
  original:
    hackage: amazonka-core-2.0
- completed:
    hackage: amazonka-certificatemanager-2.0@sha256:9a203a46ec1eaae2c59aa891efa480f84411783d02ba973820d67e95cc67756c,5226
    pantry-tree:
      sha256: 9ee7f26c6166f2b01f32efcf41d4a6315ff681823c698f49036f5b471ffb6e9c
      size: 7191
  original:
    hackage: amazonka-certificatemanager-2.0
- completed:
    hackage: amazonka-cloudformation-2.0@sha256:7a9618bf697cdaf0a51c2d7be557ad47820b926416d79f5138ff3befdbfcbafb,11870
    pantry-tree:
      sha256: 177fbc16ea2fa072a7fca9f4a3b1d64f4d5e8fc7cd493e4e841f337c572745bd
      size: 27257
  original:
    hackage: amazonka-cloudformation-2.0
- completed:
    hackage: amazonka-ec2-2.0@sha256:9344b87d8f8328fd91023b96565e79e7676aa5e7dd40b87b3f3f3a22a9da7736,74154
    pantry-tree:
      sha256: d1f2d4fce5b0664605d730d4232b25f26a5f49e3b7d07f4b282e8c36773e5ffd
      size: 234434
  original:
    hackage: amazonka-ec2-2.0
- completed:
    hackage: amazonka-ecr-2.0@sha256:88ec5dffb3c07f9e49eb4d9672ac62c175b6cf2c3e044ec0e4c705cd6bff3487,6925
    pantry-tree:
      sha256: d0d5dc0ed4aab28f0d6183657e77985693c5ed011dd0cc40d335b6a334b1939a
      size: 15627
  original:
    hackage: amazonka-ecr-2.0
- completed:
    hackage: amazonka-lambda-2.0@sha256:aa74299380318b04429980eb76b7f0499a8241ff01de859042b0ff09bd7ef420,8281
    pantry-tree:
      sha256: da8f346de9d1eb0fb12afa91e44f8179ac05176043919346e2e72a7880b7a9e5
      size: 21343
  original:
    hackage: amazonka-lambda-2.0
- completed:
    hackage: amazonka-sso-2.0@sha256:902be13b604e4a3b51a9b8e1adc6a32f42322ae11f738a72a8c737b2d0a91a5e,2995
    pantry-tree:
      sha256: f87dd959a78bf54295bd6f8c7da58f7f8f860251d5548ecb05ab758e03cba50b
      size: 1817
  original:
    hackage: amazonka-sso-2.0
- completed:
    hackage: amazonka-sts-2.0@sha256:5c721083e8d80883a893176de6105c27bbbd8176f467c27ac5f8d548a5e726d8,3209
    pantry-tree:
      sha256: bde4691af7cac74e0a3705271b4d3ac05515863bfb6f668112e3f3950a27cb41
      size: 2880
  original:
    hackage: amazonka-sts-2.0
- completed:
    hackage: amazonka-mtl-0.1.1.0@sha256:6735b3b77b38d705512480bf52e0602d35750b30b96d8a4a6dfc5025fcbe8358,6295
    pantry-tree:
      sha256: e99311ec10875513e38d9402c73199bc567dddfffa6087769fe1889889627cd3
      size: 965
  original:
    hackage: amazonka-mtl-0.1.1.0
- completed:
    hackage: hspec-golden-0.2.1.0@sha256:b695ae72685bbb5acd04cdd79d07c43de5ab8867e28662dd1a0002296f2a4940,2635
    pantry-tree:
      sha256: d72fec5f2c0568ae958282c7a8b8f5bfba146e3e4ceee0510c0e22be5c8eb740
      size: 495
  original:
    hackage: hspec-golden-0.2.1.0
- completed:
    hackage: crypton-0.33@sha256:5e92f29b9b7104d91fcdda1dec9400c9ad1f1791c231cc41ceebd783fb517dee,18202
    pantry-tree:
      sha256: 38809499d7f9775ef45cd29ab5c3dc9b283a813f34c1cdc56681b24f8cf8bb4f
      size: 23148
  original:
    hackage: crypton-0.33
snapshots:
- completed:
    sha256: 3770dfd79f5aed67acdcc65c4e7730adddffe6dba79ea723cfb0918356fc0f94
    size: 648660
    url: https://raw.githubusercontent.com/commercialhaskell/stackage-snapshots/master/lts/20/4.yaml
  original: lts-20.4
