# This file was autogenerated by Stack.
# You should not edit this file by hand.
# For more information, please see the documentation at:
#   https://docs.haskellstack.org/en/stable/lock_files

packages:
- completed:
    size: 27775608
    subdir: lib/amazonka
    url: https://github.com/brendanhay/amazonka/archive/f73a957d05f64863e867cf39d0db260718f0fadd.tar.gz
    name: amazonka
    version: '2.0'
    sha256: 14aeaa9f748f7ac03683e8a8126760ed16aa82152404a96c0333b582444cd381
    pantry-tree:
      size: 1257
      sha256: 0257a27c3332e400abc0f4a38f7a875c4a2a04b03ac342d7481e19d9d5665040
  original:
    subdir: lib/amazonka
    url: https://github.com/brendanhay/amazonka/archive/f73a957d05f64863e867cf39d0db260718f0fadd.tar.gz
- completed:
    size: 27775608
    subdir: lib/amazonka-core
    url: https://github.com/brendanhay/amazonka/archive/f73a957d05f64863e867cf39d0db260718f0fadd.tar.gz
    name: amazonka-core
    version: '2.0'
    sha256: 14aeaa9f748f7ac03683e8a8126760ed16aa82152404a96c0333b582444cd381
    pantry-tree:
      size: 3117
      sha256: 2eadbad33f65f20781409c4de9faee04e7e4baa92906db696b78689f53de0a83
  original:
    subdir: lib/amazonka-core
    url: https://github.com/brendanhay/amazonka/archive/f73a957d05f64863e867cf39d0db260718f0fadd.tar.gz
- completed:
    size: 27775608
    subdir: lib/services/amazonka-cloudformation
    url: https://github.com/brendanhay/amazonka/archive/f73a957d05f64863e867cf39d0db260718f0fadd.tar.gz
    name: amazonka-cloudformation
    version: '2.0'
    sha256: 14aeaa9f748f7ac03683e8a8126760ed16aa82152404a96c0333b582444cd381
    pantry-tree:
      size: 25784
      sha256: a9f557fdf3f3d5f960a28921465609e338ce702e1ecdf6e559e01efdccb364a6
  original:
    subdir: lib/services/amazonka-cloudformation
    url: https://github.com/brendanhay/amazonka/archive/f73a957d05f64863e867cf39d0db260718f0fadd.tar.gz
- completed:
    size: 27775608
    subdir: lib/services/amazonka-certificatemanager
    url: https://github.com/brendanhay/amazonka/archive/f73a957d05f64863e867cf39d0db260718f0fadd.tar.gz
    name: amazonka-certificatemanager
    version: '2.0'
    sha256: 14aeaa9f748f7ac03683e8a8126760ed16aa82152404a96c0333b582444cd381
    pantry-tree:
      size: 7063
      sha256: 86c39ebac8e40030c05048385c1153deb124193e49bb2651c38bd1232bbd3fff
  original:
    subdir: lib/services/amazonka-certificatemanager
    url: https://github.com/brendanhay/amazonka/archive/f73a957d05f64863e867cf39d0db260718f0fadd.tar.gz
- completed:
    size: 27775608
    subdir: lib/services/amazonka-ec2
    url: https://github.com/brendanhay/amazonka/archive/f73a957d05f64863e867cf39d0db260718f0fadd.tar.gz
    name: amazonka-ec2
    version: '2.0'
    sha256: 14aeaa9f748f7ac03683e8a8126760ed16aa82152404a96c0333b582444cd381
    pantry-tree:
      size: 190150
      sha256: 29c4666aa6cd81a371cdef208199f45a99d9fdef31f3ff9450c1762a64dd60d0
  original:
    subdir: lib/services/amazonka-ec2
    url: https://github.com/brendanhay/amazonka/archive/f73a957d05f64863e867cf39d0db260718f0fadd.tar.gz
- completed:
    size: 27775608
    subdir: lib/services/amazonka-ecr
    url: https://github.com/brendanhay/amazonka/archive/f73a957d05f64863e867cf39d0db260718f0fadd.tar.gz
    name: amazonka-ecr
    version: '2.0'
    sha256: 14aeaa9f748f7ac03683e8a8126760ed16aa82152404a96c0333b582444cd381
    pantry-tree:
      size: 12161
      sha256: 8c8b2a242ac973b0205916de20d8066cf3820acd47d98d6ec6df9182f6b31966
  original:
    subdir: lib/services/amazonka-ecr
    url: https://github.com/brendanhay/amazonka/archive/f73a957d05f64863e867cf39d0db260718f0fadd.tar.gz
- completed:
    size: 27775608
    subdir: lib/services/amazonka-s3
    url: https://github.com/brendanhay/amazonka/archive/f73a957d05f64863e867cf39d0db260718f0fadd.tar.gz
    name: amazonka-s3
    version: '2.0'
    sha256: 14aeaa9f748f7ac03683e8a8126760ed16aa82152404a96c0333b582444cd381
    pantry-tree:
      size: 37929
      sha256: 57bc3c2aa426230e1f339fee5710eb43ace36d05c91113bd035b4de5aac26329
  original:
    subdir: lib/services/amazonka-s3
    url: https://github.com/brendanhay/amazonka/archive/f73a957d05f64863e867cf39d0db260718f0fadd.tar.gz
- completed:
    size: 27775608
    subdir: lib/services/amazonka-sso
    url: https://github.com/brendanhay/amazonka/archive/f73a957d05f64863e867cf39d0db260718f0fadd.tar.gz
    name: amazonka-sso
    version: '2.0'
    sha256: 14aeaa9f748f7ac03683e8a8126760ed16aa82152404a96c0333b582444cd381
    pantry-tree:
      size: 1869
      sha256: f11babeeaf0481ae68134ced86e9d1d9396d1beb7bd70e0a1e6b77bc4148a192
  original:
    subdir: lib/services/amazonka-sso
    url: https://github.com/brendanhay/amazonka/archive/f73a957d05f64863e867cf39d0db260718f0fadd.tar.gz
- completed:
    size: 27775608
    subdir: lib/services/amazonka-sts
    url: https://github.com/brendanhay/amazonka/archive/f73a957d05f64863e867cf39d0db260718f0fadd.tar.gz
    name: amazonka-sts
    version: '2.0'
    sha256: 14aeaa9f748f7ac03683e8a8126760ed16aa82152404a96c0333b582444cd381
    pantry-tree:
      size: 2932
      sha256: 64ed22eaaea868b32cf56f162d1bd7332b048d8f2ea073c4e9827ed08e71cc70
  original:
    subdir: lib/services/amazonka-sts
    url: https://github.com/brendanhay/amazonka/archive/f73a957d05f64863e867cf39d0db260718f0fadd.tar.gz
- completed:
    size: 11915
    url: https://github.com/freckle/cfn-flip/archive/49b7b2e0fcc4fd85f37cdb234bb64a4578b85f00.tar.gz
    name: cfn-flip
    version: 0.0.0.0
    sha256: 65c3c02b10cbd60118bc9f7179c624ba2a6aac8f44e7de196c4ab643ba431cf1
    pantry-tree:
      size: 3159
      sha256: 90897d5be240bd29a17fa2bff43a55c8bebc10ca9ad4ab3617910eb223ff2f74
  original:
    url: https://github.com/freckle/cfn-flip/archive/49b7b2e0fcc4fd85f37cdb234bb64a4578b85f00.tar.gz
- completed:
    hackage: dhall-1.40.2@sha256:81c161bde08bc1fa71f70d0b1f3356c7fbcb6d05d7f0c6a4d1fbf2f0ed1cb857,35550
    pantry-tree:
      size: 316011
      sha256: 1018ad42fcd8ca1f874c3a05aac2b3381424cebae41c4c0e77226b598e63d1a7
  original:
    hackage: dhall-1.40.2@sha256:81c161bde08bc1fa71f70d0b1f3356c7fbcb6d05d7f0c6a4d1fbf2f0ed1cb857,35550
- completed:
    hackage: generic-lens-2.2.1.0@sha256:6843380740d66cb6bf8ebaaf29d307d2610580eb8303222ee51ada033eca273f,3895
    pantry-tree:
      size: 2470
      sha256: 2e44f7d17674411cd2e1fc80e8b87e841924d19b9477a0e1213bfd078f9d38ed
  original:
    hackage: generic-lens-2.2.1.0@sha256:6843380740d66cb6bf8ebaaf29d307d2610580eb8303222ee51ada033eca273f,3895
- completed:
    hackage: generic-lens-core-2.2.1.0@sha256:a7ee35db4a6e9ed736f6f772f7c05929c9f95995bcbcdc16d5c48daa8835a455,2941
    pantry-tree:
      size: 2202
      sha256: a6cc6f5c5702eac5227c563911a66ae096fab96bf8827530f4f8b7f3cf2b5713
  original:
    hackage: generic-lens-core-2.2.1.0@sha256:a7ee35db4a6e9ed736f6f772f7c05929c9f95995bcbcdc16d5c48daa8835a455,2941
snapshots:
- completed:
    size: 587821
    url: https://raw.githubusercontent.com/commercialhaskell/stackage-snapshots/master/lts/18/24.yaml
    sha256: 06d844ba51e49907bd29cb58b4a5f86ee7587a4cd7e6cf395eeec16cba619ce8
  original: lts-18.24
